
Microsoft Visual Studio Solution File, Format Version 12.00
# Visual Studio Version 17
VisualStudioVersion = 17.14.36915.13
MinimumVisualStudioVersion = 10.0.40219.1
Project("{FAE04EC0-301F-11D3-BF4B-00C04F79EFBC}") = "lr9", "lr9.csproj", "{F728C9E7-8865-4459-9CC1-87B3E5CE54BB}"
EndProject
Global
	GlobalSection(SolutionConfigurationPlatforms) = preSolution
		Debug|Any CPU = Debug|Any CPU
		Release|Any CPU = Release|Any CPU
	EndGlobalSection
	GlobalSection(ProjectConfigurationPlatforms) = postSolution
		{F728C9E7-8865-4459-9CC1-87B3E5CE54BB}.Debug|Any CPU.ActiveCfg = Debug|Any CPU
		{F728C9E7-8865-4459-9CC1-87B3E5CE54BB}.Debug|Any CPU.Build.0 = Debug|Any CPU
		{F728C9E7-8865-4459-9CC1-87B3E5CE54BB}.Release|Any CPU.ActiveCfg = Release|Any CPU
		{F728C9E7-8865-4459-9CC1-87B3E5CE54BB}.Release|Any CPU.Build.0 = Release|Any CPU
	EndGlobalSection
	GlobalSection(SolutionProperties) = preSolution
		HideSolutionNode = FALSE
	EndGlobalSection
	GlobalSection(ExtensibilityGlobals) = postSolution
		SolutionGuid = {3688B007-1EA5-4DA3-BA25-DE14057E8E45}
	EndGlobalSection
EndGlobal
